
Microsoft Visual Studio Solution File, Format Version 12.00
# Visual Studio Version 17
VisualStudioVersion = 17.14.37411.7 d17.14
MinimumVisualStudioVersion = 10.0.40219.1
Project("{FAE04EC0-301F-11D3-BF4B-00C04F79EFBC}") = "Show_SanTongDaoXinHao", "Show_SanTongDaoXinHao.csproj", "{C7421F6F-FC82-4746-82EF-89F82B44B090}"
EndProject
Global
	GlobalSection(SolutionConfigurationPlatforms) = preSolution
		Debug|Any CPU = Debug|Any CPU
		Release|Any CPU = Release|Any CPU
	EndGlobalSection
	GlobalSection(ProjectConfigurationPlatforms) = postSolution
		{C7421F6F-FC82-4746-82EF-89F82B44B090}.Debug|Any CPU.ActiveCfg = Debug|Any CPU
		{C7421F6F-FC82-4746-82EF-89F82B44B090}.Debug|Any CPU.Build.0 = Debug|Any CPU
		{C7421F6F-FC82-4746-82EF-89F82B44B090}.Release|Any CPU.ActiveCfg = Release|Any CPU
		{C7421F6F-FC82-4746-82EF-89F82B44B090}.Release|Any CPU.Build.0 = Release|Any CPU
	EndGlobalSection
	GlobalSection(SolutionProperties) = preSolution
		HideSolutionNode = FALSE
	EndGlobalSection
	GlobalSection(ExtensibilityGlobals) = postSolution
		SolutionGuid = {73323898-7582-4EDA-9F62-2F5D296F9CCB}
	EndGlobalSection
EndGlobal
